// !$*UTF8*$!
{
	archiveVersion = 1;
	classes = {
	};
	objectVersion = 56;
	objects = {

/* Begin PBXBuildFile section */
		C30ADCE92AB7CD3400975B88 /* CountriesApp_SwiftUIApp.swift in Sources */ = {isa = PBXBuildFile; fileRef = C30ADCE82AB7CD3400975B88 /* CountriesApp_SwiftUIApp.swift */; };
		C30ADCEB2AB7CD3400975B88 /* ContentView.swift in Sources */ = {isa = PBXBuildFile; fileRef = C30ADCEA2AB7CD3400975B88 /* ContentView.swift */; };
		C30ADCED2AB7CD3400975B88 /* Assets.xcassets in Resources */ = {isa = PBXBuildFile; fileRef = C30ADCEC2AB7CD3400975B88 /* Assets.xcassets */; };
		C30ADCF02AB7CD3400975B88 /* Preview Assets.xcassets in Resources */ = {isa = PBXBuildFile; fileRef = C30ADCEF2AB7CD3400975B88 /* Preview Assets.xcassets */; };
		C349A6EF2ABC4BB70089B473 /* SignUpView.swift in Sources */ = {isa = PBXBuildFile; fileRef = C349A6EE2ABC4BB70089B473 /* SignUpView.swift */; };
		C38AACFC2ABA64360083119B /* LoginView.swift in Sources */ = {isa = PBXBuildFile; fileRef = C38AACFB2ABA64360083119B /* LoginView.swift */; };
		C38AACFF2ABA67D60083119B /* ColorHex.swift in Sources */ = {isa = PBXBuildFile; fileRef = C38AACFE2ABA67D60083119B /* ColorHex.swift */; };
		C3A6EA2C2ABC66B300E472EC /* GoogleService-Info.plist in Resources */ = {isa = PBXBuildFile; fileRef = C3A6EA2B2ABC66B300E472EC /* GoogleService-Info.plist */; };
		C3A6EA2F2ABC67DD00E472EC /* FirebaseAnalytics in Frameworks */ = {isa = PBXBuildFile; productRef = C3A6EA2E2ABC67DD00E472EC /* FirebaseAnalytics */; };
		C3A6EA312ABC67DD00E472EC /* FirebaseAnalyticsSwift in Frameworks */ = {isa = PBXBuildFile; productRef = C3A6EA302ABC67DD00E472EC /* FirebaseAnalyticsSwift */; };
		C3A6EA332ABC67DD00E472EC /* FirebaseAuth in Frameworks */ = {isa = PBXBuildFile; productRef = C3A6EA322ABC67DD00E472EC /* FirebaseAuth */; };
		C3A6EA352ABC67DD00E472EC /* FirebaseAuthCombine-Community in Frameworks */ = {isa = PBXBuildFile; productRef = C3A6EA342ABC67DD00E472EC /* FirebaseAuthCombine-Community */; };
		C3A6EA372ABC67DD00E472EC /* FirebaseDatabase in Frameworks */ = {isa = PBXBuildFile; productRef = C3A6EA362ABC67DD00E472EC /* FirebaseDatabase */; };
		C3A6EA392ABC67DD00E472EC /* FirebaseDatabaseSwift in Frameworks */ = {isa = PBXBuildFile; productRef = C3A6EA382ABC67DD00E472EC /* FirebaseDatabaseSwift */; };
		C3A6EA3B2ABC67DD00E472EC /* FirebaseFirestore in Frameworks */ = {isa = PBXBuildFile; productRef = C3A6EA3A2ABC67DD00E472EC /* FirebaseFirestore */; };
		C3A6EA3D2ABC67DD00E472EC /* FirebaseFirestoreCombine-Community in Frameworks */ = {isa = PBXBuildFile; productRef = C3A6EA3C2ABC67DD00E472EC /* FirebaseFirestoreCombine-Community */; };
		C3A6EA3F2ABC67DD00E472EC /* FirebaseFirestoreSwift in Frameworks */ = {isa = PBXBuildFile; productRef = C3A6EA3E2ABC67DD00E472EC /* FirebaseFirestoreSwift */; };
		C3A6EA412ABC67DD00E472EC /* FirebaseStorage in Frameworks */ = {isa = PBXBuildFile; productRef = C3A6EA402ABC67DD00E472EC /* FirebaseStorage */; };
		C3A6EA432ABC67DD00E472EC /* FirebaseStorageCombine-Community in Frameworks */ = {isa = PBXBuildFile; productRef = C3A6EA422ABC67DD00E472EC /* FirebaseStorageCombine-Community */; };
		C3A6EA472ABC686B00E472EC /* FirebaseConfig.swift in Sources */ = {isa = PBXBuildFile; fileRef = C3A6EA462ABC686B00E472EC /* FirebaseConfig.swift */; };
		C3CACA202ABE08AF00F92F39 /* UserRepository.swift in Sources */ = {isa = PBXBuildFile; fileRef = C3CACA1F2ABE08AF00F92F39 /* UserRepository.swift */; };
		C3CD9BA42ABDB8D500C15E4F /* Alamofire in Frameworks */ = {isa = PBXBuildFile; productRef = C3CD9BA32ABDB8D500C15E4F /* Alamofire */; };
		C3CD9BA72ABDB90A00C15E4F /* Country.swift in Sources */ = {isa = PBXBuildFile; fileRef = C3CD9BA62ABDB90A00C15E4F /* Country.swift */; };
		C3CD9BAA2ABDB9CD00C15E4F /* CountryApi.swift in Sources */ = {isa = PBXBuildFile; fileRef = C3CD9BA92ABDB9CC00C15E4F /* CountryApi.swift */; };
		C3CD9BAC2ABDC4FB00C15E4F /* User.swift in Sources */ = {isa = PBXBuildFile; fileRef = C3CD9BAB2ABDC4FB00C15E4F /* User.swift */; };
		C3CD9BAF2ABDD8D600C15E4F /* FirestoreUserDAO.swift in Sources */ = {isa = PBXBuildFile; fileRef = C3CD9BAE2ABDD8D600C15E4F /* FirestoreUserDAO.swift */; };
/* End PBXBuildFile section */

/* Begin PBXFileReference section */
		C30ADCE52AB7CD3400975B88 /* CountriesApp-SwiftUI.app */ = {isa = PBXFileReference; explicitFileType = wrapper.application; includeInIndex = 0; path = "CountriesApp-SwiftUI.app"; sourceTree = BUILT_PRODUCTS_DIR; };
		C30ADCE82AB7CD3400975B88 /* CountriesApp_SwiftUIApp.swift */ = {isa = PBXFileReference; lastKnownFileType = sourcecode.swift; path = CountriesApp_SwiftUIApp.swift; sourceTree = "<group>"; };
		C30ADCEA2AB7CD3400975B88 /* ContentView.swift */ = {isa = PBXFileReference; lastKnownFileType = sourcecode.swift; path = ContentView.swift; sourceTree = "<group>"; };
		C30ADCEC2AB7CD3400975B88 /* Assets.xcassets */ = {isa = PBXFileReference; lastKnownFileType = folder.assetcatalog; path = Assets.xcassets; sourceTree = "<group>"; };
		C30ADCEF2AB7CD3400975B88 /* Preview Assets.xcassets */ = {isa = PBXFileReference; lastKnownFileType = folder.assetcatalog; path = "Preview Assets.xcassets"; sourceTree = "<group>"; };
		C349A6EE2ABC4BB70089B473 /* SignUpView.swift */ = {isa = PBXFileReference; lastKnownFileType = sourcecode.swift; path = SignUpView.swift; sourceTree = "<group>"; };
		C38AACFB2ABA64360083119B /* LoginView.swift */ = {isa = PBXFileReference; lastKnownFileType = sourcecode.swift; path = LoginView.swift; sourceTree = "<group>"; };
		C38AACFE2ABA67D60083119B /* ColorHex.swift */ = {isa = PBXFileReference; lastKnownFileType = sourcecode.swift; path = ColorHex.swift; sourceTree = "<group>"; };
		C3A6EA2B2ABC66B300E472EC /* GoogleService-Info.plist */ = {isa = PBXFileReference; fileEncoding = 4; lastKnownFileType = text.plist.xml; path = "GoogleService-Info.plist"; sourceTree = "<group>"; };
		C3A6EA462ABC686B00E472EC /* FirebaseConfig.swift */ = {isa = PBXFileReference; lastKnownFileType = sourcecode.swift; path = FirebaseConfig.swift; sourceTree = "<group>"; };
		C3CACA1F2ABE08AF00F92F39 /* UserRepository.swift */ = {isa = PBXFileReference; lastKnownFileType = sourcecode.swift; path = UserRepository.swift; sourceTree = "<group>"; };
		C3CD9BA62ABDB90A00C15E4F /* Country.swift */ = {isa = PBXFileReference; lastKnownFileType = sourcecode.swift; path = Country.swift; sourceTree = "<group>"; };
		C3CD9BA92ABDB9CC00C15E4F /* CountryApi.swift */ = {isa = PBXFileReference; lastKnownFileType = sourcecode.swift; path = CountryApi.swift; sourceTree = "<group>"; };
		C3CD9BAB2ABDC4FB00C15E4F /* User.swift */ = {isa = PBXFileReference; lastKnownFileType = sourcecode.swift; path = User.swift; sourceTree = "<group>"; };
		C3CD9BAE2ABDD8D600C15E4F /* FirestoreUserDAO.swift */ = {isa = PBXFileReference; lastKnownFileType = sourcecode.swift; path = FirestoreUserDAO.swift; sourceTree = "<group>"; };
/* End PBXFileReference section */

/* Begin PBXFrameworksBuildPhase section */
		C30ADCE22AB7CD3400975B88 /* Frameworks */ = {
			isa = PBXFrameworksBuildPhase;
			buildActionMask = 2147483647;
			files = (
				C3A6EA432ABC67DD00E472EC /* FirebaseStorageCombine-Community in Frameworks */,
				C3A6EA392ABC67DD00E472EC /* FirebaseDatabaseSwift in Frameworks */,
				C3A6EA3D2ABC67DD00E472EC /* FirebaseFirestoreCombine-Community in Frameworks */,
				C3A6EA372ABC67DD00E472EC /* FirebaseDatabase in Frameworks */,
				C3A6EA412ABC67DD00E472EC /* FirebaseStorage in Frameworks */,
				C3A6EA312ABC67DD00E472EC /* FirebaseAnalyticsSwift in Frameworks */,
				C3A6EA332ABC67DD00E472EC /* FirebaseAuth in Frameworks */,
				C3A6EA2F2ABC67DD00E472EC /* FirebaseAnalytics in Frameworks */,
				C3A6EA352ABC67DD00E472EC /* FirebaseAuthCombine-Community in Frameworks */,
				C3CD9BA42ABDB8D500C15E4F /* Alamofire in Frameworks */,
				C3A6EA3B2ABC67DD00E472EC /* FirebaseFirestore in Frameworks */,
				C3A6EA3F2ABC67DD00E472EC /* FirebaseFirestoreSwift in Frameworks */,
			);
			runOnlyForDeploymentPostprocessing = 0;
		};
/* End PBXFrameworksBuildPhase section */

/* Begin PBXGroup section */
		C30ADCDC2AB7CD3400975B88 = {
			isa = PBXGroup;
			children = (
				C30ADCE72AB7CD3400975B88 /* CountriesApp-SwiftUI */,
				C30ADCE62AB7CD3400975B88 /* Products */,
			);
			sourceTree = "<group>";
		};
		C30ADCE62AB7CD3400975B88 /* Products */ = {
			isa = PBXGroup;
			children = (
				C30ADCE52AB7CD3400975B88 /* CountriesApp-SwiftUI.app */,
			);
			name = Products;
			sourceTree = "<group>";
		};
		C30ADCE72AB7CD3400975B88 /* CountriesApp-SwiftUI */ = {
			isa = PBXGroup;
			children = (
				C3CACA1E2ABE087500F92F39 /* Repository */,
				C3CD9BA52ABDB8E100C15E4F /* Model */,
				C3A6EA442ABC683100E472EC /* Infra */,
				C38AACFD2ABA67BE0083119B /* Extension */,
				C38AACFA2ABA641A0083119B /* View */,
				C30ADCE82AB7CD3400975B88 /* CountriesApp_SwiftUIApp.swift */,
				C30ADCEA2AB7CD3400975B88 /* ContentView.swift */,
				C30ADCEC2AB7CD3400975B88 /* Assets.xcassets */,
				C3A6EA2B2ABC66B300E472EC /* GoogleService-Info.plist */,
				C30ADCEE2AB7CD3400975B88 /* Preview Content */,
			);
			path = "CountriesApp-SwiftUI";
			sourceTree = "<group>";
		};
		C30ADCEE2AB7CD3400975B88 /* Preview Content */ = {
			isa = PBXGroup;
			children = (
				C30ADCEF2AB7CD3400975B88 /* Preview Assets.xcassets */,
			);
			path = "Preview Content";
			sourceTree = "<group>";
		};
		C38AACFA2ABA641A0083119B /* View */ = {
			isa = PBXGroup;
			children = (
				C38AACFB2ABA64360083119B /* LoginView.swift */,
				C349A6EE2ABC4BB70089B473 /* SignUpView.swift */,
			);
			path = View;
			sourceTree = "<group>";
		};
		C38AACFD2ABA67BE0083119B /* Extension */ = {
			isa = PBXGroup;
			children = (
				C38AACFE2ABA67D60083119B /* ColorHex.swift */,
			);
			path = Extension;
			sourceTree = "<group>";
		};
		C3A6EA442ABC683100E472EC /* Infra */ = {
			isa = PBXGroup;
			children = (
				C3CD9BA82ABDB97F00C15E4F /* Alamofire */,
				C3A6EA452ABC683900E472EC /* Firebase */,
			);
			path = Infra;
			sourceTree = "<group>";
		};
		C3A6EA452ABC683900E472EC /* Firebase */ = {
			isa = PBXGroup;
			children = (
				C3CD9BAD2ABDD8AC00C15E4F /* DAO */,
				C3A6EA462ABC686B00E472EC /* FirebaseConfig.swift */,
			);
			path = Firebase;
			sourceTree = "<group>";
		};
		C3CACA1E2ABE087500F92F39 /* Repository */ = {
			isa = PBXGroup;
			children = (
				C3CACA1F2ABE08AF00F92F39 /* UserRepository.swift */,
			);
			path = Repository;
			sourceTree = "<group>";
		};
		C3CD9BA52ABDB8E100C15E4F /* Model */ = {
			isa = PBXGroup;
			children = (
				C3CD9BA62ABDB90A00C15E4F /* Country.swift */,
				C3CD9BAB2ABDC4FB00C15E4F /* User.swift */,
			);
			path = Model;
			sourceTree = "<group>";
		};
		C3CD9BA82ABDB97F00C15E4F /* Alamofire */ = {
			isa = PBXGroup;
			children = (
				C3CD9BA92ABDB9CC00C15E4F /* CountryApi.swift */,
			);
			path = Alamofire;
			sourceTree = "<group>";
		};
		C3CD9BAD2ABDD8AC00C15E4F /* DAO */ = {
			isa = PBXGroup;
			children = (
				C3CD9BAE2ABDD8D600C15E4F /* FirestoreUserDAO.swift */,
			);
			path = DAO;
			sourceTree = "<group>";
		};
/* End PBXGroup section */

/* Begin PBXNativeTarget section */
		C30ADCE42AB7CD3400975B88 /* CountriesApp-SwiftUI */ = {
			isa = PBXNativeTarget;
			buildConfigurationList = C30ADCF32AB7CD3400975B88 /* Build configuration list for PBXNativeTarget "CountriesApp-SwiftUI" */;
			buildPhases = (
				C30ADCE12AB7CD3400975B88 /* Sources */,
				C30ADCE22AB7CD3400975B88 /* Frameworks */,
				C30ADCE32AB7CD3400975B88 /* Resources */,
			);
			buildRules = (
			);
			dependencies = (
			);
			name = "CountriesApp-SwiftUI";
			packageProductDependencies = (
				C3A6EA2E2ABC67DD00E472EC /* FirebaseAnalytics */,
				C3A6EA302ABC67DD00E472EC /* FirebaseAnalyticsSwift */,
				C3A6EA322ABC67DD00E472EC /* FirebaseAuth */,
				C3A6EA342ABC67DD00E472EC /* FirebaseAuthCombine-Community */,
				C3A6EA362ABC67DD00E472EC /* FirebaseDatabase */,
				C3A6EA382ABC67DD00E472EC /* FirebaseDatabaseSwift */,
				C3A6EA3A2ABC67DD00E472EC /* FirebaseFirestore */,
				C3A6EA3C2ABC67DD00E472EC /* FirebaseFirestoreCombine-Community */,
				C3A6EA3E2ABC67DD00E472EC /* FirebaseFirestoreSwift */,
				C3A6EA402ABC67DD00E472EC /* FirebaseStorage */,
				C3A6EA422ABC67DD00E472EC /* FirebaseStorageCombine-Community */,
				C3CD9BA32ABDB8D500C15E4F /* Alamofire */,
			);
			productName = "CountriesApp-SwiftUI";
			productReference = C30ADCE52AB7CD3400975B88 /* CountriesApp-SwiftUI.app */;
			productType = "com.apple.product-type.application";
		};
/* End PBXNativeTarget section */

/* Begin PBXProject section */
		C30ADCDD2AB7CD3400975B88 /* Project object */ = {
			isa = PBXProject;
			attributes = {
				BuildIndependentTargetsInParallel = 1;
				LastSwiftUpdateCheck = 1430;
				LastUpgradeCheck = 1430;
				TargetAttributes = {
					C30ADCE42AB7CD3400975B88 = {
						CreatedOnToolsVersion = 14.3.1;
					};
				};
			};
			buildConfigurationList = C30ADCE02AB7CD3400975B88 /* Build configuration list for PBXProject "CountriesApp-SwiftUI" */;
			compatibilityVersion = "Xcode 14.0";
			developmentRegion = en;
			hasScannedForEncodings = 0;
			knownRegions = (
				en,
				Base,
			);
			mainGroup = C30ADCDC2AB7CD3400975B88;
			packageReferences = (
				C3A6EA2D2ABC67DD00E472EC /* XCRemoteSwiftPackageReference "firebase-ios-sdk" */,
				C3CD9BA22ABDB8D500C15E4F /* XCRemoteSwiftPackageReference "Alamofire" */,
			);
			productRefGroup = C30ADCE62AB7CD3400975B88 /* Products */;
			projectDirPath = "";
			projectRoot = "";
			targets = (
				C30ADCE42AB7CD3400975B88 /* CountriesApp-SwiftUI */,
			);
		};
/* End PBXProject section */

/* Begin PBXResourcesBuildPhase section */
		C30ADCE32AB7CD3400975B88 /* Resources */ = {
			isa = PBXResourcesBuildPhase;
			buildActionMask = 2147483647;
			files = (
				C30ADCF02AB7CD3400975B88 /* Preview Assets.xcassets in Resources */,
				C30ADCED2AB7CD3400975B88 /* Assets.xcassets in Resources */,
				C3A6EA2C2ABC66B300E472EC /* GoogleService-Info.plist in Resources */,
			);
			runOnlyForDeploymentPostprocessing = 0;
		};
/* End PBXResourcesBuildPhase section */

/* Begin PBXSourcesBuildPhase section */
		C30ADCE12AB7CD3400975B88 /* Sources */ = {
			isa = PBXSourcesBuildPhase;
			buildActionMask = 2147483647;
			files = (
				C3CACA202ABE08AF00F92F39 /* UserRepository.swift in Sources */,
				C3CD9BA72ABDB90A00C15E4F /* Country.swift in Sources */,
				C3CD9BAA2ABDB9CD00C15E4F /* CountryApi.swift in Sources */,
				C3A6EA472ABC686B00E472EC /* FirebaseConfig.swift in Sources */,
				C38AACFC2ABA64360083119B /* LoginView.swift in Sources */,
				C349A6EF2ABC4BB70089B473 /* SignUpView.swift in Sources */,
				C3CD9BAC2ABDC4FB00C15E4F /* User.swift in Sources */,
				C38AACFF2ABA67D60083119B /* ColorHex.swift in Sources */,
				C3CD9BAF2ABDD8D600C15E4F /* FirestoreUserDAO.swift in Sources */,
				C30ADCEB2AB7CD3400975B88 /* ContentView.swift in Sources */,
				C30ADCE92AB7CD3400975B88 /* CountriesApp_SwiftUIApp.swift in Sources */,
			);
			runOnlyForDeploymentPostprocessing = 0;
		};
/* End PBXSourcesBuildPhase section */

/* Begin XCBuildConfiguration section */
		C30ADCF12AB7CD3400975B88 /* Debug */ = {
			isa = XCBuildConfiguration;
			buildSettings = {
				ALWAYS_SEARCH_USER_PATHS = NO;
				CLANG_ANALYZER_NONNULL = YES;
				CLANG_ANALYZER_NUMBER_OBJECT_CONVERSION = YES_AGGRESSIVE;
				CLANG_CXX_LANGUAGE_STANDARD = "gnu++20";
				CLANG_ENABLE_MODULES = YES;
				CLANG_ENABLE_OBJC_ARC = YES;
				CLANG_ENABLE_OBJC_WEAK = YES;
				CLANG_WARN_BLOCK_CAPTURE_AUTORELEASING = YES;
				CLANG_WARN_BOOL_CONVERSION = YES;
				CLANG_WARN_COMMA = YES;
				CLANG_WARN_CONSTANT_CONVERSION = YES;
				CLANG_WARN_DEPRECATED_OBJC_IMPLEMENTATIONS = YES;
				CLANG_WARN_DIRECT_OBJC_ISA_USAGE = YES_ERROR;
				CLANG_WARN_DOCUMENTATION_COMMENTS = YES;
				CLANG_WARN_EMPTY_BODY = YES;
				CLANG_WARN_ENUM_CONVERSION = YES;
				CLANG_WARN_INFINITE_RECURSION = YES;
				CLANG_WARN_INT_CONVERSION = YES;
				CLANG_WARN_NON_LITERAL_NULL_CONVERSION = YES;
				CLANG_WARN_OBJC_IMPLICIT_RETAIN_SELF = YES;
				CLANG_WARN_OBJC_LITERAL_CONVERSION = YES;
				CLANG_WARN_OBJC_ROOT_CLASS = YES_ERROR;
				CLANG_WARN_QUOTED_INCLUDE_IN_FRAMEWORK_HEADER = YES;
				CLANG_WARN_RANGE_LOOP_ANALYSIS = YES;
				CLANG_WARN_STRICT_PROTOTYPES = YES;
				CLANG_WARN_SUSPICIOUS_MOVE = YES;
				CLANG_WARN_UNGUARDED_AVAILABILITY = YES_AGGRESSIVE;
				CLANG_WARN_UNREACHABLE_CODE = YES;
				CLANG_WARN__DUPLICATE_METHOD_MATCH = YES;
				COPY_PHASE_STRIP = NO;
				DEBUG_INFORMATION_FORMAT = dwarf;
				ENABLE_STRICT_OBJC_MSGSEND = YES;
				ENABLE_TESTABILITY = YES;
				GCC_C_LANGUAGE_STANDARD = gnu11;
				GCC_DYNAMIC_NO_PIC = NO;
				GCC_NO_COMMON_BLOCKS = YES;
				GCC_OPTIMIZATION_LEVEL = 0;
				GCC_PREPROCESSOR_DEFINITIONS = (
					"DEBUG=1",
					"$(inherited)",
				);
				GCC_WARN_64_TO_32_BIT_CONVERSION = YES;
				GCC_WARN_ABOUT_RETURN_TYPE = YES_ERROR;
				GCC_WARN_UNDECLARED_SELECTOR = YES;
				GCC_WARN_UNINITIALIZED_AUTOS = YES_AGGRESSIVE;
				GCC_WARN_UNUSED_FUNCTION = YES;
				GCC_WARN_UNUSED_VARIABLE = YES;
				IPHONEOS_DEPLOYMENT_TARGET = 16.4;
				MTL_ENABLE_DEBUG_INFO = INCLUDE_SOURCE;
				MTL_FAST_MATH = YES;
				ONLY_ACTIVE_ARCH = YES;
				SDKROOT = iphoneos;
				SWIFT_ACTIVE_COMPILATION_CONDITIONS = DEBUG;
				SWIFT_OPTIMIZATION_LEVEL = "-Onone";
			};
			name = Debug;
		};
		C30ADCF22AB7CD3400975B88 /* Release */ = {
			isa = XCBuildConfiguration;
			buildSettings = {
				ALWAYS_SEARCH_USER_PATHS = NO;
				CLANG_ANALYZER_NONNULL = YES;
				CLANG_ANALYZER_NUMBER_OBJECT_CONVERSION = YES_AGGRESSIVE;
				CLANG_CXX_LANGUAGE_STANDARD = "gnu++20";
				CLANG_ENABLE_MODULES = YES;
				CLANG_ENABLE_OBJC_ARC = YES;
				CLANG_ENABLE_OBJC_WEAK = YES;
				CLANG_WARN_BLOCK_CAPTURE_AUTORELEASING = YES;
				CLANG_WARN_BOOL_CONVERSION = YES;
				CLANG_WARN_COMMA = YES;
				CLANG_WARN_CONSTANT_CONVERSION = YES;
				CLANG_WARN_DEPRECATED_OBJC_IMPLEMENTATIONS = YES;
				CLANG_WARN_DIRECT_OBJC_ISA_USAGE = YES_ERROR;
				CLANG_WARN_DOCUMENTATION_COMMENTS = YES;
				CLANG_WARN_EMPTY_BODY = YES;
				CLANG_WARN_ENUM_CONVERSION = YES;
				CLANG_WARN_INFINITE_RECURSION = YES;
				CLANG_WARN_INT_CONVERSION = YES;
				CLANG_WARN_NON_LITERAL_NULL_CONVERSION = YES;
				CLANG_WARN_OBJC_IMPLICIT_RETAIN_SELF = YES;
				CLANG_WARN_OBJC_LITERAL_CONVERSION = YES;
				CLANG_WARN_OBJC_ROOT_CLASS = YES_ERROR;
				CLANG_WARN_QUOTED_INCLUDE_IN_FRAMEWORK_HEADER = YES;
				CLANG_WARN_RANGE_LOOP_ANALYSIS = YES;
				CLANG_WARN_STRICT_PROTOTYPES = YES;
				CLANG_WARN_SUSPICIOUS_MOVE = YES;
				CLANG_WARN_UNGUARDED_AVAILABILITY = YES_AGGRESSIVE;
				CLANG_WARN_UNREACHABLE_CODE = YES;
				CLANG_WARN__DUPLICATE_METHOD_MATCH = YES;
				COPY_PHASE_STRIP = NO;
				DEBUG_INFORMATION_FORMAT = "dwarf-with-dsym";
				ENABLE_NS_ASSERTIONS = NO;
				ENABLE_STRICT_OBJC_MSGSEND = YES;
				GCC_C_LANGUAGE_STANDARD = gnu11;
				GCC_NO_COMMON_BLOCKS = YES;
				GCC_WARN_64_TO_32_BIT_CONVERSION = YES;
				GCC_WARN_ABOUT_RETURN_TYPE = YES_ERROR;
				GCC_WARN_UNDECLARED_SELECTOR = YES;
				GCC_WARN_UNINITIALIZED_AUTOS = YES_AGGRESSIVE;
				GCC_WARN_UNUSED_FUNCTION = YES;
				GCC_WARN_UNUSED_VARIABLE = YES;
				IPHONEOS_DEPLOYMENT_TARGET = 16.4;
				MTL_ENABLE_DEBUG_INFO = NO;
				MTL_FAST_MATH = YES;
				SDKROOT = iphoneos;
				SWIFT_COMPILATION_MODE = wholemodule;
				SWIFT_OPTIMIZATION_LEVEL = "-O";
				VALIDATE_PRODUCT = YES;
			};
			name = Release;
		};
		C30ADCF42AB7CD3400975B88 /* Debug */ = {
			isa = XCBuildConfiguration;
			buildSettings = {
				ASSETCATALOG_COMPILER_APPICON_NAME = AppIcon;
				ASSETCATALOG_COMPILER_GLOBAL_ACCENT_COLOR_NAME = AccentColor;
				CODE_SIGN_STYLE = Automatic;
				CURRENT_PROJECT_VERSION = 1;
				DEVELOPMENT_ASSET_PATHS = "\"CountriesApp-SwiftUI/Preview Content\"";
				ENABLE_PREVIEWS = YES;
				GENERATE_INFOPLIST_FILE = YES;
				INFOPLIST_KEY_UIApplicationSceneManifest_Generation = YES;
				INFOPLIST_KEY_UIApplicationSupportsIndirectInputEvents = YES;
				INFOPLIST_KEY_UILaunchScreen_Generation = YES;
				INFOPLIST_KEY_UISupportedInterfaceOrientations_iPad = "UIInterfaceOrientationPortrait UIInterfaceOrientationPortraitUpsideDown UIInterfaceOrientationLandscapeLeft UIInterfaceOrientationLandscapeRight";
				INFOPLIST_KEY_UISupportedInterfaceOrientations_iPhone = "UIInterfaceOrientationPortrait UIInterfaceOrientationLandscapeLeft UIInterfaceOrientationLandscapeRight";
				LD_RUNPATH_SEARCH_PATHS = (
					"$(inherited)",
					"@executable_path/Frameworks",
				);
				MARKETING_VERSION = 1.0;
				PRODUCT_BUNDLE_IDENTIFIER = "com.telias.CountriesApp-SwiftUI";
				PRODUCT_NAME = "$(TARGET_NAME)";
				SWIFT_EMIT_LOC_STRINGS = YES;
				SWIFT_VERSION = 5.0;
				TARGETED_DEVICE_FAMILY = "1,2";
			};
			name = Debug;
		};
		C30ADCF52AB7CD3400975B88 /* Release */ = {
			isa = XCBuildConfiguration;
			buildSettings = {
				ASSETCATALOG_COMPILER_APPICON_NAME = AppIcon;
				ASSETCATALOG_COMPILER_GLOBAL_ACCENT_COLOR_NAME = AccentColor;
				CODE_SIGN_STYLE = Automatic;
				CURRENT_PROJECT_VERSION = 1;
				DEVELOPMENT_ASSET_PATHS = "\"CountriesApp-SwiftUI/Preview Content\"";
				ENABLE_PREVIEWS = YES;
				GENERATE_INFOPLIST_FILE = YES;
				INFOPLIST_KEY_UIApplicationSceneManifest_Generation = YES;
				INFOPLIST_KEY_UIApplicationSupportsIndirectInputEvents = YES;
				INFOPLIST_KEY_UILaunchScreen_Generation = YES;
				INFOPLIST_KEY_UISupportedInterfaceOrientations_iPad = "UIInterfaceOrientationPortrait UIInterfaceOrientationPortraitUpsideDown UIInterfaceOrientationLandscapeLeft UIInterfaceOrientationLandscapeRight";
				INFOPLIST_KEY_UISupportedInterfaceOrientations_iPhone = "UIInterfaceOrientationPortrait UIInterfaceOrientationLandscapeLeft UIInterfaceOrientationLandscapeRight";
				LD_RUNPATH_SEARCH_PATHS = (
					"$(inherited)",
					"@executable_path/Frameworks",
				);
				MARKETING_VERSION = 1.0;
				PRODUCT_BUNDLE_IDENTIFIER = "com.telias.CountriesApp-SwiftUI";
				PRODUCT_NAME = "$(TARGET_NAME)";
				SWIFT_EMIT_LOC_STRINGS = YES;
				SWIFT_VERSION = 5.0;
				TARGETED_DEVICE_FAMILY = "1,2";
			};
			name = Release;
		};
/* End XCBuildConfiguration section */

/* Begin XCConfigurationList section */
		C30ADCE02AB7CD3400975B88 /* Build configuration list for PBXProject "CountriesApp-SwiftUI" */ = {
			isa = XCConfigurationList;
			buildConfigurations = (
				C30ADCF12AB7CD3400975B88 /* Debug */,
				C30ADCF22AB7CD3400975B88 /* Release */,
			);
			defaultConfigurationIsVisible = 0;
			defaultConfigurationName = Release;
		};
		C30ADCF32AB7CD3400975B88 /* Build configuration list for PBXNativeTarget "CountriesApp-SwiftUI" */ = {
			isa = XCConfigurationList;
			buildConfigurations = (
				C30ADCF42AB7CD3400975B88 /* Debug */,
				C30ADCF52AB7CD3400975B88 /* Release */,
			);
			defaultConfigurationIsVisible = 0;
			defaultConfigurationName = Release;
		};
/* End XCConfigurationList section */

/* Begin XCRemoteSwiftPackageReference section */
		C3A6EA2D2ABC67DD00E472EC /* XCRemoteSwiftPackageReference "firebase-ios-sdk" */ = {
			isa = XCRemoteSwiftPackageReference;
			repositoryURL = "https://github.com/firebase/firebase-ios-sdk";
			requirement = {
				kind = upToNextMajorVersion;
				minimumVersion = 10.0.0;
			};
		};
		C3CD9BA22ABDB8D500C15E4F /* XCRemoteSwiftPackageReference "Alamofire" */ = {
			isa = XCRemoteSwiftPackageReference;
			repositoryURL = "https://github.com/Alamofire/Alamofire.git";
			requirement = {
				kind = upToNextMajorVersion;
				minimumVersion = 5.0.0;
			};
		};
/* End XCRemoteSwiftPackageReference section */

/* Begin XCSwiftPackageProductDependency section */
		C3A6EA2E2ABC67DD00E472EC /* FirebaseAnalytics */ = {
			isa = XCSwiftPackageProductDependency;
			package = C3A6EA2D2ABC67DD00E472EC /* XCRemoteSwiftPackageReference "firebase-ios-sdk" */;
			productName = FirebaseAnalytics;
		};
		C3A6EA302ABC67DD00E472EC /* FirebaseAnalyticsSwift */ = {
			isa = XCSwiftPackageProductDependency;
			package = C3A6EA2D2ABC67DD00E472EC /* XCRemoteSwiftPackageReference "firebase-ios-sdk" */;
			productName = FirebaseAnalyticsSwift;
		};
		C3A6EA322ABC67DD00E472EC /* FirebaseAuth */ = {
			isa = XCSwiftPackageProductDependency;
			package = C3A6EA2D2ABC67DD00E472EC /* XCRemoteSwiftPackageReference "firebase-ios-sdk" */;
			productName = FirebaseAuth;
		};
		C3A6EA342ABC67DD00E472EC /* FirebaseAuthCombine-Community */ = {
			isa = XCSwiftPackageProductDependency;
			package = C3A6EA2D2ABC67DD00E472EC /* XCRemoteSwiftPackageReference "firebase-ios-sdk" */;
			productName = "FirebaseAuthCombine-Community";
		};
		C3A6EA362ABC67DD00E472EC /* FirebaseDatabase */ = {
			isa = XCSwiftPackageProductDependency;
			package = C3A6EA2D2ABC67DD00E472EC /* XCRemoteSwiftPackageReference "firebase-ios-sdk" */;
			productName = FirebaseDatabase;
		};
		C3A6EA382ABC67DD00E472EC /* FirebaseDatabaseSwift */ = {
			isa = XCSwiftPackageProductDependency;
			package = C3A6EA2D2ABC67DD00E472EC /* XCRemoteSwiftPackageReference "firebase-ios-sdk" */;
			productName = FirebaseDatabaseSwift;
		};
		C3A6EA3A2ABC67DD00E472EC /* FirebaseFirestore */ = {
			isa = XCSwiftPackageProductDependency;
			package = C3A6EA2D2ABC67DD00E472EC /* XCRemoteSwiftPackageReference "firebase-ios-sdk" */;
			productName = FirebaseFirestore;
		};
		C3A6EA3C2ABC67DD00E472EC /* FirebaseFirestoreCombine-Community */ = {
			isa = XCSwiftPackageProductDependency;
			package = C3A6EA2D2ABC67DD00E472EC /* XCRemoteSwiftPackageReference "firebase-ios-sdk" */;
			productName = "FirebaseFirestoreCombine-Community";
		};
		C3A6EA3E2ABC67DD00E472EC /* FirebaseFirestoreSwift */ = {
			isa = XCSwiftPackageProductDependency;
			package = C3A6EA2D2ABC67DD00E472EC /* XCRemoteSwiftPackageReference "firebase-ios-sdk" */;
			productName = FirebaseFirestoreSwift;
		};
		C3A6EA402ABC67DD00E472EC /* FirebaseStorage */ = {
			isa = XCSwiftPackageProductDependency;
			package = C3A6EA2D2ABC67DD00E472EC /* XCRemoteSwiftPackageReference "firebase-ios-sdk" */;
			productName = FirebaseStorage;
		};
		C3A6EA422ABC67DD00E472EC /* FirebaseStorageCombine-Community */ = {
			isa = XCSwiftPackageProductDependency;
			package = C3A6EA2D2ABC67DD00E472EC /* XCRemoteSwiftPackageReference "firebase-ios-sdk" */;
			productName = "FirebaseStorageCombine-Community";
		};
		C3CD9BA32ABDB8D500C15E4F /* Alamofire */ = {
			isa = XCSwiftPackageProductDependency;
			package = C3CD9BA22ABDB8D500C15E4F /* XCRemoteSwiftPackageReference "Alamofire" */;
			productName = Alamofire;
		};
/* End XCSwiftPackageProductDependency section */
	};
	rootObject = C30ADCDD2AB7CD3400975B88 /* Project object */;
}
